// !$*UTF8*$!
{
	archiveVersion = 1;
	classes = {
	};
	objectVersion = 50;
	objects = {

/* Begin PBXBuildFile section */
		F65896E821D888F80093122F /* AppDelegate.swift in Sources */ = {isa = PBXBuildFile; fileRef = F65896E721D888F80093122F /* AppDelegate.swift */; };
		F65896EA21D888F80093122F /* ViewController.swift in Sources */ = {isa = PBXBuildFile; fileRef = F65896E921D888F80093122F /* ViewController.swift */; };
		F65896ED21D888F80093122F /* Main.storyboard in Resources */ = {isa = PBXBuildFile; fileRef = F65896EB21D888F80093122F /* Main.storyboard */; };
		F65896EF21D888FA0093122F /* Assets.xcassets in Resources */ = {isa = PBXBuildFile; fileRef = F65896EE21D888FA0093122F /* Assets.xcassets */; };
		F65896F221D888FA0093122F /* LaunchScreen.storyboard in Resources */ = {isa = PBXBuildFile; fileRef = F65896F021D888FA0093122F /* LaunchScreen.storyboard */; };
		F65896FD21D888FA0093122F /* CardTutorial_FinalTests.swift in Sources */ = {isa = PBXBuildFile; fileRef = F65896FC21D888FA0093122F /* CardTutorial_FinalTests.swift */; };
		F658970821D888FA0093122F /* CardTutorial_FinalUITests.swift in Sources */ = {isa = PBXBuildFile; fileRef = F658970721D888FA0093122F /* CardTutorial_FinalUITests.swift */; };
		F658971721D88D930093122F /* CardCell.swift in Sources */ = {isa = PBXBuildFile; fileRef = F658971621D88D930093122F /* CardCell.swift */; };
/* End PBXBuildFile section */

/* Begin PBXContainerItemProxy section */
		F65896F921D888FA0093122F /* PBXContainerItemProxy */ = {
			isa = PBXContainerItemProxy;
			containerPortal = F65896DC21D888F80093122F /* Project object */;
			proxyType = 1;
			remoteGlobalIDString = F65896E321D888F80093122F;
			remoteInfo = "CardTutorial-Final";
		};
		F658970421D888FA0093122F /* PBXContainerItemProxy */ = {
			isa = PBXContainerItemProxy;
			containerPortal = F65896DC21D888F80093122F /* Project object */;
			proxyType = 1;
			remoteGlobalIDString = F65896E321D888F80093122F;
			remoteInfo = "CardTutorial-Final";
		};
/* End PBXContainerItemProxy section */

/* Begin PBXFileReference section */
		F65896E421D888F80093122F /* CardTutorial-Final.app */ = {isa = PBXFileReference; explicitFileType = wrapper.application; includeInIndex = 0; path = "CardTutorial-Final.app"; sourceTree = BUILT_PRODUCTS_DIR; };
		F65896E721D888F80093122F /* AppDelegate.swift */ = {isa = PBXFileReference; lastKnownFileType = sourcecode.swift; path = AppDelegate.swift; sourceTree = "<group>"; };
		F65896E921D888F80093122F /* ViewController.swift */ = {isa = PBXFileReference; lastKnownFileType = sourcecode.swift; path = ViewController.swift; sourceTree = "<group>"; };
		F65896EC21D888F80093122F /* Base */ = {isa = PBXFileReference; lastKnownFileType = file.storyboard; name = Base; path = Base.lproj/Main.storyboard; sourceTree = "<group>"; };
		F65896EE21D888FA0093122F /* Assets.xcassets */ = {isa = PBXFileReference; lastKnownFileType = folder.assetcatalog; path = Assets.xcassets; sourceTree = "<group>"; };
		F65896F121D888FA0093122F /* Base */ = {isa = PBXFileReference; lastKnownFileType = file.storyboard; name = Base; path = Base.lproj/LaunchScreen.storyboard; sourceTree = "<group>"; };
		F65896F321D888FA0093122F /* Info.plist */ = {isa = PBXFileReference; lastKnownFileType = text.plist.xml; path = Info.plist; sourceTree = "<group>"; };
		F65896F821D888FA0093122F /* CardTutorial-FinalTests.xctest */ = {isa = PBXFileReference; explicitFileType = wrapper.cfbundle; includeInIndex = 0; path = "CardTutorial-FinalTests.xctest"; sourceTree = BUILT_PRODUCTS_DIR; };
		F65896FC21D888FA0093122F /* CardTutorial_FinalTests.swift */ = {isa = PBXFileReference; lastKnownFileType = sourcecode.swift; path = CardTutorial_FinalTests.swift; sourceTree = "<group>"; };
		F65896FE21D888FA0093122F /* Info.plist */ = {isa = PBXFileReference; lastKnownFileType = text.plist.xml; path = Info.plist; sourceTree = "<group>"; };
		F658970321D888FA0093122F /* CardTutorial-FinalUITests.xctest */ = {isa = PBXFileReference; explicitFileType = wrapper.cfbundle; includeInIndex = 0; path = "CardTutorial-FinalUITests.xctest"; sourceTree = BUILT_PRODUCTS_DIR; };
		F658970721D888FA0093122F /* CardTutorial_FinalUITests.swift */ = {isa = PBXFileReference; lastKnownFileType = sourcecode.swift; path = CardTutorial_FinalUITests.swift; sourceTree = "<group>"; };
		F658970921D888FA0093122F /* Info.plist */ = {isa = PBXFileReference; lastKnownFileType = text.plist.xml; path = Info.plist; sourceTree = "<group>"; };
		F658971621D88D930093122F /* CardCell.swift */ = {isa = PBXFileReference; lastKnownFileType = sourcecode.swift; path = CardCell.swift; sourceTree = "<group>"; };
/* End PBXFileReference section */

/* Begin PBXFrameworksBuildPhase section */
		F65896E121D888F80093122F /* Frameworks */ = {
			isa = PBXFrameworksBuildPhase;
			buildActionMask = 2147483647;
			files = (
			);
			runOnlyForDeploymentPostprocessing = 0;
		};
		F65896F521D888FA0093122F /* Frameworks */ = {
			isa = PBXFrameworksBuildPhase;
			buildActionMask = 2147483647;
			files = (
			);
			runOnlyForDeploymentPostprocessing = 0;
		};
		F658970021D888FA0093122F /* Frameworks */ = {
			isa = PBXFrameworksBuildPhase;
			buildActionMask = 2147483647;
			files = (
			);
			runOnlyForDeploymentPostprocessing = 0;
		};
/* End PBXFrameworksBuildPhase section */

/* Begin PBXGroup section */
		F65896DB21D888F80093122F = {
			isa = PBXGroup;
			children = (
				F65896E621D888F80093122F /* CardTutorial-Final */,
				F65896FB21D888FA0093122F /* CardTutorial-FinalTests */,
				F658970621D888FA0093122F /* CardTutorial-FinalUITests */,
				F65896E521D888F80093122F /* Products */,
			);
			sourceTree = "<group>";
		};
		F65896E521D888F80093122F /* Products */ = {
			isa = PBXGroup;
			children = (
				F65896E421D888F80093122F /* CardTutorial-Final.app */,
				F65896F821D888FA0093122F /* CardTutorial-FinalTests.xctest */,
				F658970321D888FA0093122F /* CardTutorial-FinalUITests.xctest */,
			);
			name = Products;
			sourceTree = "<group>";
		};
		F65896E621D888F80093122F /* CardTutorial-Final */ = {
			isa = PBXGroup;
			children = (
				F65896F321D888FA0093122F /* Info.plist */,
				F658971521D889B70093122F /* Etc */,
				F65896E921D888F80093122F /* ViewController.swift */,
				F65896EB21D888F80093122F /* Main.storyboard */,
				F65896EE21D888FA0093122F /* Assets.xcassets */,
				F658971621D88D930093122F /* CardCell.swift */,
			);
			path = "CardTutorial-Final";
			sourceTree = "<group>";
		};
		F65896FB21D888FA0093122F /* CardTutorial-FinalTests */ = {
			isa = PBXGroup;
			children = (
				F65896FC21D888FA0093122F /* CardTutorial_FinalTests.swift */,
				F65896FE21D888FA0093122F /* Info.plist */,
			);
			path = "CardTutorial-FinalTests";
			sourceTree = "<group>";
		};
		F658970621D888FA0093122F /* CardTutorial-FinalUITests */ = {
			isa = PBXGroup;
			children = (
				F658970721D888FA0093122F /* CardTutorial_FinalUITests.swift */,
				F658970921D888FA0093122F /* Info.plist */,
			);
			path = "CardTutorial-FinalUITests";
			sourceTree = "<group>";
		};
		F658971521D889B70093122F /* Etc */ = {
			isa = PBXGroup;
			children = (
				F65896E721D888F80093122F /* AppDelegate.swift */,
				F65896F021D888FA0093122F /* LaunchScreen.storyboard */,
			);
			path = Etc;
			sourceTree = "<group>";
		};
/* End PBXGroup section */

/* Begin PBXNativeTarget section */
		F65896E321D888F80093122F /* CardTutorial-Final */ = {
			isa = PBXNativeTarget;
			buildConfigurationList = F658970C21D888FA0093122F /* Build configuration list for PBXNativeTarget "CardTutorial-Final" */;
			buildPhases = (
				F65896E021D888F80093122F /* Sources */,
				F65896E121D888F80093122F /* Frameworks */,
				F65896E221D888F80093122F /* Resources */,
			);
			buildRules = (
			);
			dependencies = (
			);
			name = "CardTutorial-Final";
			productName = "CardTutorial-Final";
			productReference = F65896E421D888F80093122F /* CardTutorial-Final.app */;
			productType = "com.apple.product-type.application";
		};
		F65896F721D888FA0093122F /* CardTutorial-FinalTests */ = {
			isa = PBXNativeTarget;
			buildConfigurationList = F658970F21D888FA0093122F /* Build configuration list for PBXNativeTarget "CardTutorial-FinalTests" */;
			buildPhases = (
				F65896F421D888FA0093122F /* Sources */,
				F65896F521D888FA0093122F /* Frameworks */,
				F65896F621D888FA0093122F /* Resources */,
			);
			buildRules = (
			);
			dependencies = (
				F65896FA21D888FA0093122F /* PBXTargetDependency */,
			);
			name = "CardTutorial-FinalTests";
			productName = "CardTutorial-FinalTests";
			productReference = F65896F821D888FA0093122F /* CardTutorial-FinalTests.xctest */;
			productType = "com.apple.product-type.bundle.unit-test";
		};
		F658970221D888FA0093122F /* CardTutorial-FinalUITests */ = {
			isa = PBXNativeTarget;
			buildConfigurationList = F658971221D888FA0093122F /* Build configuration list for PBXNativeTarget "CardTutorial-FinalUITests" */;
			buildPhases = (
				F65896FF21D888FA0093122F /* Sources */,
				F658970021D888FA0093122F /* Frameworks */,
				F658970121D888FA0093122F /* Resources */,
			);
			buildRules = (
			);
			dependencies = (
				F658970521D888FA0093122F /* PBXTargetDependency */,
			);
			name = "CardTutorial-FinalUITests";
			productName = "CardTutorial-FinalUITests";
			productReference = F658970321D888FA0093122F /* CardTutorial-FinalUITests.xctest */;
			productType = "com.apple.product-type.bundle.ui-testing";
		};
/* End PBXNativeTarget section */

/* Begin PBXProject section */
		F65896DC21D888F80093122F /* Project object */ = {
			isa = PBXProject;
			attributes = {
				LastSwiftUpdateCheck = 1010;
				LastUpgradeCheck = 1010;
				ORGANIZATIONNAME = "Riley Norris";
				TargetAttributes = {
					F65896E321D888F80093122F = {
						CreatedOnToolsVersion = 10.1;
					};
					F65896F721D888FA0093122F = {
						CreatedOnToolsVersion = 10.1;
						TestTargetID = F65896E321D888F80093122F;
					};
					F658970221D888FA0093122F = {
						CreatedOnToolsVersion = 10.1;
						TestTargetID = F65896E321D888F80093122F;
					};
				};
			};
			buildConfigurationList = F65896DF21D888F80093122F /* Build configuration list for PBXProject "CardTutorial-Final" */;
			compatibilityVersion = "Xcode 9.3";
			developmentRegion = en;
			hasScannedForEncodings = 0;
			knownRegions = (
				en,
				Base,
			);
			mainGroup = F65896DB21D888F80093122F;
			productRefGroup = F65896E521D888F80093122F /* Products */;
			projectDirPath = "";
			projectRoot = "";
			targets = (
				F65896E321D888F80093122F /* CardTutorial-Final */,
				F65896F721D888FA0093122F /* CardTutorial-FinalTests */,
				F658970221D888FA0093122F /* CardTutorial-FinalUITests */,
			);
		};
/* End PBXProject section */

/* Begin PBXResourcesBuildPhase section */
		F65896E221D888F80093122F /* Resources */ = {
			isa = PBXResourcesBuildPhase;
			buildActionMask = 2147483647;
			files = (
				F65896F221D888FA0093122F /* LaunchScreen.storyboard in Resources */,
				F65896EF21D888FA0093122F /* Assets.xcassets in Resources */,
				F65896ED21D888F80093122F /* Main.storyboard in Resources */,
			);
			runOnlyForDeploymentPostprocessing = 0;
		};
		F65896F621D888FA0093122F /* Resources */ = {
			isa = PBXResourcesBuildPhase;
			buildActionMask = 2147483647;
			files = (
			);
			runOnlyForDeploymentPostprocessing = 0;
		};
		F658970121D888FA0093122F /* Resources */ = {
			isa = PBXResourcesBuildPhase;
			buildActionMask = 2147483647;
			files = (
			);
			runOnlyForDeploymentPostprocessing = 0;
		};
/* End PBXResourcesBuildPhase section */

/* Begin PBXSourcesBuildPhase section */
		F65896E021D888F80093122F /* Sources */ = {
			isa = PBXSourcesBuildPhase;
			buildActionMask = 2147483647;
			files = (
				F65896EA21D888F80093122F /* ViewController.swift in Sources */,
				F65896E821D888F80093122F /* AppDelegate.swift in Sources */,
				F658971721D88D930093122F /* CardCell.swift in Sources */,
			);
			runOnlyForDeploymentPostprocessing = 0;
		};
		F65896F421D888FA0093122F /* Sources */ = {
			isa = PBXSourcesBuildPhase;
			buildActionMask = 2147483647;
			files = (
				F65896FD21D888FA0093122F /* CardTutorial_FinalTests.swift in Sources */,
			);
			runOnlyForDeploymentPostprocessing = 0;
		};
		F65896FF21D888FA0093122F /* Sources */ = {
			isa = PBXSourcesBuildPhase;
			buildActionMask = 2147483647;
			files = (
				F658970821D888FA0093122F /* CardTutorial_FinalUITests.swift in Sources */,
			);
			runOnlyForDeploymentPostprocessing = 0;
		};
/* End PBXSourcesBuildPhase section */

/* Begin PBXTargetDependency section */
		F65896FA21D888FA0093122F /* PBXTargetDependency */ = {
			isa = PBXTargetDependency;
			target = F65896E321D888F80093122F /* CardTutorial-Final */;
			targetProxy = F65896F921D888FA0093122F /* PBXContainerItemProxy */;
		};
		F658970521D888FA0093122F /* PBXTargetDependency */ = {
			isa = PBXTargetDependency;
			target = F65896E321D888F80093122F /* CardTutorial-Final */;
			targetProxy = F658970421D888FA0093122F /* PBXContainerItemProxy */;
		};
/* End PBXTargetDependency section */

/* Begin PBXVariantGroup section */
		F65896EB21D888F80093122F /* Main.storyboard */ = {
			isa = PBXVariantGroup;
			children = (
				F65896EC21D888F80093122F /* Base */,
			);
			name = Main.storyboard;
			sourceTree = "<group>";
		};
		F65896F021D888FA0093122F /* LaunchScreen.storyboard */ = {
			isa = PBXVariantGroup;
			children = (
				F65896F121D888FA0093122F /* Base */,
			);
			name = LaunchScreen.storyboard;
			sourceTree = "<group>";
		};
/* End PBXVariantGroup section */

/* Begin XCBuildConfiguration section */
		F658970A21D888FA0093122F /* Debug */ = {
			isa = XCBuildConfiguration;
			buildSettings = {
				ALWAYS_SEARCH_USER_PATHS = NO;
				CLANG_ANALYZER_NONNULL = YES;
				CLANG_ANALYZER_NUMBER_OBJECT_CONVERSION = YES_AGGRESSIVE;
				CLANG_CXX_LANGUAGE_STANDARD = "gnu++14";
				CLANG_CXX_LIBRARY = "libc++";
				CLANG_ENABLE_MODULES = YES;
				CLANG_ENABLE_OBJC_ARC = YES;
				CLANG_ENABLE_OBJC_WEAK = YES;
				CLANG_WARN_BLOCK_CAPTURE_AUTORELEASING = YES;
				CLANG_WARN_BOOL_CONVERSION = YES;
				CLANG_WARN_COMMA = YES;
				CLANG_WARN_CONSTANT_CONVERSION = YES;
				CLANG_WARN_DEPRECATED_OBJC_IMPLEMENTATIONS = YES;
				CLANG_WARN_DIRECT_OBJC_ISA_USAGE = YES_ERROR;
				CLANG_WARN_DOCUMENTATION_COMMENTS = YES;
				CLANG_WARN_EMPTY_BODY = YES;
				CLANG_WARN_ENUM_CONVERSION = YES;
				CLANG_WARN_INFINITE_RECURSION = YES;
				CLANG_WARN_INT_CONVERSION = YES;
				CLANG_WARN_NON_LITERAL_NULL_CONVERSION = YES;
				CLANG_WARN_OBJC_IMPLICIT_RETAIN_SELF = YES;
				CLANG_WARN_OBJC_LITERAL_CONVERSION = YES;
				CLANG_WARN_OBJC_ROOT_CLASS = YES_ERROR;
				CLANG_WARN_RANGE_LOOP_ANALYSIS = YES;
				CLANG_WARN_STRICT_PROTOTYPES = YES;
				CLANG_WARN_SUSPICIOUS_MOVE = YES;
				CLANG_WARN_UNGUARDED_AVAILABILITY = YES_AGGRESSIVE;
				CLANG_WARN_UNREACHABLE_CODE = YES;
				CLANG_WARN__DUPLICATE_METHOD_MATCH = YES;
				CODE_SIGN_IDENTITY = "iPhone Developer";
				COPY_PHASE_STRIP = NO;
				DEBUG_INFORMATION_FORMAT = dwarf;
				ENABLE_STRICT_OBJC_MSGSEND = YES;
				ENABLE_TESTABILITY = YES;
				GCC_C_LANGUAGE_STANDARD = gnu11;
				GCC_DYNAMIC_NO_PIC = NO;
				GCC_NO_COMMON_BLOCKS = YES;
				GCC_OPTIMIZATION_LEVEL = 0;
				GCC_PREPROCESSOR_DEFINITIONS = (
					"DEBUG=1",
					"$(inherited)",
				);
				GCC_WARN_64_TO_32_BIT_CONVERSION = YES;
				GCC_WARN_ABOUT_RETURN_TYPE = YES_ERROR;
				GCC_WARN_UNDECLARED_SELECTOR = YES;
				GCC_WARN_UNINITIALIZED_AUTOS = YES_AGGRESSIVE;
				GCC_WARN_UNUSED_FUNCTION = YES;
				GCC_WARN_UNUSED_VARIABLE = YES;
				IPHONEOS_DEPLOYMENT_TARGET = 12.1;
				MTL_ENABLE_DEBUG_INFO = INCLUDE_SOURCE;
				MTL_FAST_MATH = YES;
				ONLY_ACTIVE_ARCH = YES;
				SDKROOT = iphoneos;
				SWIFT_ACTIVE_COMPILATION_CONDITIONS = DEBUG;
				SWIFT_OPTIMIZATION_LEVEL = "-Onone";
			};
			name = Debug;
		};
		F658970B21D888FA0093122F /* Release */ = {
			isa = XCBuildConfiguration;
			buildSettings = {
				ALWAYS_SEARCH_USER_PATHS = NO;
				CLANG_ANALYZER_NONNULL = YES;
				CLANG_ANALYZER_NUMBER_OBJECT_CONVERSION = YES_AGGRESSIVE;
				CLANG_CXX_LANGUAGE_STANDARD = "gnu++14";
				CLANG_CXX_LIBRARY = "libc++";
				CLANG_ENABLE_MODULES = YES;
				CLANG_ENABLE_OBJC_ARC = YES;
				CLANG_ENABLE_OBJC_WEAK = YES;
				CLANG_WARN_BLOCK_CAPTURE_AUTORELEASING = YES;
				CLANG_WARN_BOOL_CONVERSION = YES;
				CLANG_WARN_COMMA = YES;
				CLANG_WARN_CONSTANT_CONVERSION = YES;
				CLANG_WARN_DEPRECATED_OBJC_IMPLEMENTATIONS = YES;
				CLANG_WARN_DIRECT_OBJC_ISA_USAGE = YES_ERROR;
				CLANG_WARN_DOCUMENTATION_COMMENTS = YES;
				CLANG_WARN_EMPTY_BODY = YES;
				CLANG_WARN_ENUM_CONVERSION = YES;
				CLANG_WARN_INFINITE_RECURSION = YES;
				CLANG_WARN_INT_CONVERSION = YES;
				CLANG_WARN_NON_LITERAL_NULL_CONVERSION = YES;
				CLANG_WARN_OBJC_IMPLICIT_RETAIN_SELF = YES;
				CLANG_WARN_OBJC_LITERAL_CONVERSION = YES;
				CLANG_WARN_OBJC_ROOT_CLASS = YES_ERROR;
				CLANG_WARN_RANGE_LOOP_ANALYSIS = YES;
				CLANG_WARN_STRICT_PROTOTYPES = YES;
				CLANG_WARN_SUSPICIOUS_MOVE = YES;
				CLANG_WARN_UNGUARDED_AVAILABILITY = YES_AGGRESSIVE;
				CLANG_WARN_UNREACHABLE_CODE = YES;
				CLANG_WARN__DUPLICATE_METHOD_MATCH = YES;
				CODE_SIGN_IDENTITY = "iPhone Developer";
				COPY_PHASE_STRIP = NO;
				DEBUG_INFORMATION_FORMAT = "dwarf-with-dsym";
				ENABLE_NS_ASSERTIONS = NO;
				ENABLE_STRICT_OBJC_MSGSEND = YES;
				GCC_C_LANGUAGE_STANDARD = gnu11;
				GCC_NO_COMMON_BLOCKS = YES;
				GCC_WARN_64_TO_32_BIT_CONVERSION = YES;
				GCC_WARN_ABOUT_RETURN_TYPE = YES_ERROR;
				GCC_WARN_UNDECLARED_SELECTOR = YES;
				GCC_WARN_UNINITIALIZED_AUTOS = YES_AGGRESSIVE;
				GCC_WARN_UNUSED_FUNCTION = YES;
				GCC_WARN_UNUSED_VARIABLE = YES;
				IPHONEOS_DEPLOYMENT_TARGET = 12.1;
				MTL_ENABLE_DEBUG_INFO = NO;
				MTL_FAST_MATH = YES;
				SDKROOT = iphoneos;
				SWIFT_COMPILATION_MODE = wholemodule;
				SWIFT_OPTIMIZATION_LEVEL = "-O";
				VALIDATE_PRODUCT = YES;
			};
			name = Release;
		};
		F658970D21D888FA0093122F /* Debug */ = {
			isa = XCBuildConfiguration;
			buildSettings = {
				ASSETCATALOG_COMPILER_APPICON_NAME = AppIcon;
				CODE_SIGN_STYLE = Automatic;
				DEVELOPMENT_TEAM = 764FG2R9VZ;
				INFOPLIST_FILE = "CardTutorial-Final/Info.plist";
				LD_RUNPATH_SEARCH_PATHS = (
					"$(inherited)",
					"@executable_path/Frameworks",
				);
				PRODUCT_BUNDLE_IDENTIFIER = "riley-norris.CardTutorial-Final";
				PRODUCT_NAME = "$(TARGET_NAME)";
				SWIFT_VERSION = 4.2;
				TARGETED_DEVICE_FAMILY = "1,2";
			};
			name = Debug;
		};
		F658970E21D888FA0093122F /* Release */ = {
			isa = XCBuildConfiguration;
			buildSettings = {
				ASSETCATALOG_COMPILER_APPICON_NAME = AppIcon;
				CODE_SIGN_STYLE = Automatic;
				DEVELOPMENT_TEAM = 764FG2R9VZ;
				INFOPLIST_FILE = "CardTutorial-Final/Info.plist";
				LD_RUNPATH_SEARCH_PATHS = (
					"$(inherited)",
					"@executable_path/Frameworks",
				);
				PRODUCT_BUNDLE_IDENTIFIER = "riley-norris.CardTutorial-Final";
				PRODUCT_NAME = "$(TARGET_NAME)";
				SWIFT_VERSION = 4.2;
				TARGETED_DEVICE_FAMILY = "1,2";
			};
			name = Release;
		};
		F658971021D888FA0093122F /* Debug */ = {
			isa = XCBuildConfiguration;
			buildSettings = {
				ALWAYS_EMBED_SWIFT_STANDARD_LIBRARIES = YES;
				BUNDLE_LOADER = "$(TEST_HOST)";
				CODE_SIGN_STYLE = Automatic;
				DEVELOPMENT_TEAM = 764FG2R9VZ;
				INFOPLIST_FILE = "CardTutorial-FinalTests/Info.plist";
				LD_RUNPATH_SEARCH_PATHS = (
					"$(inherited)",
					"@executable_path/Frameworks",
					"@loader_path/Frameworks",
				);
				PRODUCT_BUNDLE_IDENTIFIER = "riley-norris.CardTutorial-FinalTests";
				PRODUCT_NAME = "$(TARGET_NAME)";
				SWIFT_VERSION = 4.2;
				TARGETED_DEVICE_FAMILY = "1,2";
				TEST_HOST = "$(BUILT_PRODUCTS_DIR)/CardTutorial-Final.app/CardTutorial-Final";
			};
			name = Debug;
		};
		F658971121D888FA0093122F /* Release */ = {
			isa = XCBuildConfiguration;
			buildSettings = {
				ALWAYS_EMBED_SWIFT_STANDARD_LIBRARIES = YES;
				BUNDLE_LOADER = "$(TEST_HOST)";
				CODE_SIGN_STYLE = Automatic;
				DEVELOPMENT_TEAM = 764FG2R9VZ;
				INFOPLIST_FILE = "CardTutorial-FinalTests/Info.plist";
				LD_RUNPATH_SEARCH_PATHS = (
					"$(inherited)",
					"@executable_path/Frameworks",
					"@loader_path/Frameworks",
				);
				PRODUCT_BUNDLE_IDENTIFIER = "riley-norris.CardTutorial-FinalTests";
				PRODUCT_NAME = "$(TARGET_NAME)";
				SWIFT_VERSION = 4.2;
				TARGETED_DEVICE_FAMILY = "1,2";
				TEST_HOST = "$(BUILT_PRODUCTS_DIR)/CardTutorial-Final.app/CardTutorial-Final";
			};
			name = Release;
		};
		F658971321D888FA0093122F /* Debug */ = {
			isa = XCBuildConfiguration;
			buildSettings = {
				ALWAYS_EMBED_SWIFT_STANDARD_LIBRARIES = YES;
				CODE_SIGN_STYLE = Automatic;
				DEVELOPMENT_TEAM = 764FG2R9VZ;
				INFOPLIST_FILE = "CardTutorial-FinalUITests/Info.plist";
				LD_RUNPATH_SEARCH_PATHS = (
					"$(inherited)",
					"@executable_path/Frameworks",
					"@loader_path/Frameworks",
				);
				PRODUCT_BUNDLE_IDENTIFIER = "riley-norris.CardTutorial-FinalUITests";
				PRODUCT_NAME = "$(TARGET_NAME)";
				SWIFT_VERSION = 4.2;
				TARGETED_DEVICE_FAMILY = "1,2";
				TEST_TARGET_NAME = "CardTutorial-Final";
			};
			name = Debug;
		};
		F658971421D888FA0093122F /* Release */ = {
			isa = XCBuildConfiguration;
			buildSettings = {
				ALWAYS_EMBED_SWIFT_STANDARD_LIBRARIES = YES;
				CODE_SIGN_STYLE = Automatic;
				DEVELOPMENT_TEAM = 764FG2R9VZ;
				INFOPLIST_FILE = "CardTutorial-FinalUITests/Info.plist";
				LD_RUNPATH_SEARCH_PATHS = (
					"$(inherited)",
					"@executable_path/Frameworks",
					"@loader_path/Frameworks",
				);
				PRODUCT_BUNDLE_IDENTIFIER = "riley-norris.CardTutorial-FinalUITests";
				PRODUCT_NAME = "$(TARGET_NAME)";
				SWIFT_VERSION = 4.2;
				TARGETED_DEVICE_FAMILY = "1,2";
				TEST_TARGET_NAME = "CardTutorial-Final";
			};
			name = Release;
		};
/* End XCBuildConfiguration section */

/* Begin XCConfigurationList section */
		F65896DF21D888F80093122F /* Build configuration list for PBXProject "CardTutorial-Final" */ = {
			isa = XCConfigurationList;
			buildConfigurations = (
				F658970A21D888FA0093122F /* Debug */,
				F658970B21D888FA0093122F /* Release */,
			);
			defaultConfigurationIsVisible = 0;
			defaultConfigurationName = Release;
		};
		F658970C21D888FA0093122F /* Build configuration list for PBXNativeTarget "CardTutorial-Final" */ = {
			isa = XCConfigurationList;
			buildConfigurations = (
				F658970D21D888FA0093122F /* Debug */,
				F658970E21D888FA0093122F /* Release */,
			);
			defaultConfigurationIsVisible = 0;
			defaultConfigurationName = Release;
		};
		F658970F21D888FA0093122F /* Build configuration list for PBXNativeTarget "CardTutorial-FinalTests" */ = {
			isa = XCConfigurationList;
			buildConfigurations = (
				F658971021D888FA0093122F /* Debug */,
				F658971121D888FA0093122F /* Release */,
			);
			defaultConfigurationIsVisible = 0;
			defaultConfigurationName = Release;
		};
		F658971221D888FA0093122F /* Build configuration list for PBXNativeTarget "CardTutorial-FinalUITests" */ = {
			isa = XCConfigurationList;
			buildConfigurations = (
				F658971321D888FA0093122F /* Debug */,
				F658971421D888FA0093122F /* Release */,
			);
			defaultConfigurationIsVisible = 0;
			defaultConfigurationName = Release;
		};
/* End XCConfigurationList section */
	};
	rootObject = F65896DC21D888F80093122F /* Project object */;
}
